// !$*UTF8*$!
{
	archiveVersion = 1;
	classes = {
	};
	objectVersion = 48;
	objects = {

/* Begin PBXBuildFile section */
		AF39BDF421160F7C00771641 /* AppDelegate.swift in Sources */ = {isa = PBXBuildFile; fileRef = AF39BDF321160F7C00771641 /* AppDelegate.swift */; };
		AF39BDF621160F7C00771641 /* ViewController.swift in Sources */ = {isa = PBXBuildFile; fileRef = AF39BDF521160F7C00771641 /* ViewController.swift */; };
		AF39BDF921160F7C00771641 /* Main.storyboard in Resources */ = {isa = PBXBuildFile; fileRef = AF39BDF721160F7C00771641 /* Main.storyboard */; };
		AF39BDFB21160F7C00771641 /* Assets.xcassets in Resources */ = {isa = PBXBuildFile; fileRef = AF39BDFA21160F7C00771641 /* Assets.xcassets */; };
		AF39BDFE21160F7C00771641 /* LaunchScreen.storyboard in Resources */ = {isa = PBXBuildFile; fileRef = AF39BDFC21160F7C00771641 /* LaunchScreen.storyboard */; };
		AF39BE0921160F7D00771641 /* TableViewAnimationTests.swift in Sources */ = {isa = PBXBuildFile; fileRef = AF39BE0821160F7D00771641 /* TableViewAnimationTests.swift */; };
		AF39BE1421160F7D00771641 /* TableViewAnimationUITests.swift in Sources */ = {isa = PBXBuildFile; fileRef = AF39BE1321160F7D00771641 /* TableViewAnimationUITests.swift */; };
		AF71C5B2211D9775001B7B21 /* CustomTableViewCell.swift in Sources */ = {isa = PBXBuildFile; fileRef = AF71C5B1211D9775001B7B21 /* CustomTableViewCell.swift */; };
/* End PBXBuildFile section */

/* Begin PBXContainerItemProxy section */
		AF39BE0521160F7D00771641 /* PBXContainerItemProxy */ = {
			isa = PBXContainerItemProxy;
			containerPortal = AF39BDE821160F7C00771641 /* Project object */;
			proxyType = 1;
			remoteGlobalIDString = AF39BDEF21160F7C00771641;
			remoteInfo = TableViewAnimation;
		};
		AF39BE1021160F7D00771641 /* PBXContainerItemProxy */ = {
			isa = PBXContainerItemProxy;
			containerPortal = AF39BDE821160F7C00771641 /* Project object */;
			proxyType = 1;
			remoteGlobalIDString = AF39BDEF21160F7C00771641;
			remoteInfo = TableViewAnimation;
		};
/* End PBXContainerItemProxy section */

/* Begin PBXFileReference section */
		AF39BDF021160F7C00771641 /* TableViewAnimation.app */ = {isa = PBXFileReference; explicitFileType = wrapper.application; includeInIndex = 0; path = TableViewAnimation.app; sourceTree = BUILT_PRODUCTS_DIR; };
		AF39BDF321160F7C00771641 /* AppDelegate.swift */ = {isa = PBXFileReference; lastKnownFileType = sourcecode.swift; path = AppDelegate.swift; sourceTree = "<group>"; };
		AF39BDF521160F7C00771641 /* ViewController.swift */ = {isa = PBXFileReference; lastKnownFileType = sourcecode.swift; path = ViewController.swift; sourceTree = "<group>"; };
		AF39BDF821160F7C00771641 /* Base */ = {isa = PBXFileReference; lastKnownFileType = file.storyboard; name = Base; path = Base.lproj/Main.storyboard; sourceTree = "<group>"; };
		AF39BDFA21160F7C00771641 /* Assets.xcassets */ = {isa = PBXFileReference; lastKnownFileType = folder.assetcatalog; path = Assets.xcassets; sourceTree = "<group>"; };
		AF39BDFD21160F7C00771641 /* Base */ = {isa = PBXFileReference; lastKnownFileType = file.storyboard; name = Base; path = Base.lproj/LaunchScreen.storyboard; sourceTree = "<group>"; };
		AF39BDFF21160F7C00771641 /* Info.plist */ = {isa = PBXFileReference; lastKnownFileType = text.plist.xml; path = Info.plist; sourceTree = "<group>"; };
		AF39BE0421160F7D00771641 /* TableViewAnimationTests.xctest */ = {isa = PBXFileReference; explicitFileType = wrapper.cfbundle; includeInIndex = 0; path = TableViewAnimationTests.xctest; sourceTree = BUILT_PRODUCTS_DIR; };
		AF39BE0821160F7D00771641 /* TableViewAnimationTests.swift */ = {isa = PBXFileReference; lastKnownFileType = sourcecode.swift; path = TableViewAnimationTests.swift; sourceTree = "<group>"; };
		AF39BE0A21160F7D00771641 /* Info.plist */ = {isa = PBXFileReference; lastKnownFileType = text.plist.xml; path = Info.plist; sourceTree = "<group>"; };
		AF39BE0F21160F7D00771641 /* TableViewAnimationUITests.xctest */ = {isa = PBXFileReference; explicitFileType = wrapper.cfbundle; includeInIndex = 0; path = TableViewAnimationUITests.xctest; sourceTree = BUILT_PRODUCTS_DIR; };
		AF39BE1321160F7D00771641 /* TableViewAnimationUITests.swift */ = {isa = PBXFileReference; lastKnownFileType = sourcecode.swift; path = TableViewAnimationUITests.swift; sourceTree = "<group>"; };
		AF39BE1521160F7D00771641 /* Info.plist */ = {isa = PBXFileReference; lastKnownFileType = text.plist.xml; path = Info.plist; sourceTree = "<group>"; };
		AF71C5B1211D9775001B7B21 /* CustomTableViewCell.swift */ = {isa = PBXFileReference; fileEncoding = 4; lastKnownFileType = sourcecode.swift; path = CustomTableViewCell.swift; sourceTree = "<group>"; };
/* End PBXFileReference section */

/* Begin PBXFrameworksBuildPhase section */
		AF39BDED21160F7C00771641 /* Frameworks */ = {
			isa = PBXFrameworksBuildPhase;
			buildActionMask = 2147483647;
			files = (
			);
			runOnlyForDeploymentPostprocessing = 0;
		};
		AF39BE0121160F7D00771641 /* Frameworks */ = {
			isa = PBXFrameworksBuildPhase;
			buildActionMask = 2147483647;
			files = (
			);
			runOnlyForDeploymentPostprocessing = 0;
		};
		AF39BE0C21160F7D00771641 /* Frameworks */ = {
			isa = PBXFrameworksBuildPhase;
			buildActionMask = 2147483647;
			files = (
			);
			runOnlyForDeploymentPostprocessing = 0;
		};
/* End PBXFrameworksBuildPhase section */

/* Begin PBXGroup section */
		AF39BDE721160F7C00771641 = {
			isa = PBXGroup;
			children = (
				AF39BDF221160F7C00771641 /* TableViewAnimation */,
				AF39BE0721160F7D00771641 /* TableViewAnimationTests */,
				AF39BE1221160F7D00771641 /* TableViewAnimationUITests */,
				AF39BDF121160F7C00771641 /* Products */,
			);
			sourceTree = "<group>";
		};
		AF39BDF121160F7C00771641 /* Products */ = {
			isa = PBXGroup;
			children = (
				AF39BDF021160F7C00771641 /* TableViewAnimation.app */,
				AF39BE0421160F7D00771641 /* TableViewAnimationTests.xctest */,
				AF39BE0F21160F7D00771641 /* TableViewAnimationUITests.xctest */,
			);
			name = Products;
			sourceTree = "<group>";
		};
		AF39BDF221160F7C00771641 /* TableViewAnimation */ = {
			isa = PBXGroup;
			children = (
				AF71C5B1211D9775001B7B21 /* CustomTableViewCell.swift */,
				AF39BDF321160F7C00771641 /* AppDelegate.swift */,
				AF39BDF521160F7C00771641 /* ViewController.swift */,
				AF39BDF721160F7C00771641 /* Main.storyboard */,
				AF39BDFA21160F7C00771641 /* Assets.xcassets */,
				AF39BDFC21160F7C00771641 /* LaunchScreen.storyboard */,
				AF39BDFF21160F7C00771641 /* Info.plist */,
			);
			path = TableViewAnimation;
			sourceTree = "<group>";
		};
		AF39BE0721160F7D00771641 /* TableViewAnimationTests */ = {
			isa = PBXGroup;
			children = (
				AF39BE0821160F7D00771641 /* TableViewAnimationTests.swift */,
				AF39BE0A21160F7D00771641 /* Info.plist */,
			);
			path = TableViewAnimationTests;
			sourceTree = "<group>";
		};
		AF39BE1221160F7D00771641 /* TableViewAnimationUITests */ = {
			isa = PBXGroup;
			children = (
				AF39BE1321160F7D00771641 /* TableViewAnimationUITests.swift */,
				AF39BE1521160F7D00771641 /* Info.plist */,
			);
			path = TableViewAnimationUITests;
			sourceTree = "<group>";
		};
/* End PBXGroup section */

/* Begin PBXNativeTarget section */
		AF39BDEF21160F7C00771641 /* TableViewAnimation */ = {
			isa = PBXNativeTarget;
			buildConfigurationList = AF39BE1821160F7D00771641 /* Build configuration list for PBXNativeTarget "TableViewAnimation" */;
			buildPhases = (
				AF39BDEC21160F7C00771641 /* Sources */,
				AF39BDED21160F7C00771641 /* Frameworks */,
				AF39BDEE21160F7C00771641 /* Resources */,
			);
			buildRules = (
			);
			dependencies = (
			);
			name = TableViewAnimation;
			productName = TableViewAnimation;
			productReference = AF39BDF021160F7C00771641 /* TableViewAnimation.app */;
			productType = "com.apple.product-type.application";
		};
		AF39BE0321160F7D00771641 /* TableViewAnimationTests */ = {
			isa = PBXNativeTarget;
			buildConfigurationList = AF39BE1B21160F7D00771641 /* Build configuration list for PBXNativeTarget "TableViewAnimationTests" */;
			buildPhases = (
				AF39BE0021160F7D00771641 /* Sources */,
				AF39BE0121160F7D00771641 /* Frameworks */,
				AF39BE0221160F7D00771641 /* Resources */,
			);
			buildRules = (
			);
			dependencies = (
				AF39BE0621160F7D00771641 /* PBXTargetDependency */,
			);
			name = TableViewAnimationTests;
			productName = TableViewAnimationTests;
			productReference = AF39BE0421160F7D00771641 /* TableViewAnimationTests.xctest */;
			productType = "com.apple.product-type.bundle.unit-test";
		};
		AF39BE0E21160F7D00771641 /* TableViewAnimationUITests */ = {
			isa = PBXNativeTarget;
			buildConfigurationList = AF39BE1E21160F7D00771641 /* Build configuration list for PBXNativeTarget "TableViewAnimationUITests" */;
			buildPhases = (
				AF39BE0B21160F7D00771641 /* Sources */,
				AF39BE0C21160F7D00771641 /* Frameworks */,
				AF39BE0D21160F7D00771641 /* Resources */,
			);
			buildRules = (
			);
			dependencies = (
				AF39BE1121160F7D00771641 /* PBXTargetDependency */,
			);
			name = TableViewAnimationUITests;
			productName = TableViewAnimationUITests;
			productReference = AF39BE0F21160F7D00771641 /* TableViewAnimationUITests.xctest */;
			productType = "com.apple.product-type.bundle.ui-testing";
		};
/* End PBXNativeTarget section */

/* Begin PBXProject section */
		AF39BDE821160F7C00771641 /* Project object */ = {
			isa = PBXProject;
			attributes = {
				LastSwiftUpdateCheck = 0920;
				LastUpgradeCheck = 0920;
				ORGANIZATIONNAME = renu;
				TargetAttributes = {
					AF39BDEF21160F7C00771641 = {
						CreatedOnToolsVersion = 9.2;
						ProvisioningStyle = Automatic;
					};
					AF39BE0321160F7D00771641 = {
						CreatedOnToolsVersion = 9.2;
						ProvisioningStyle = Automatic;
						TestTargetID = AF39BDEF21160F7C00771641;
					};
					AF39BE0E21160F7D00771641 = {
						CreatedOnToolsVersion = 9.2;
						ProvisioningStyle = Automatic;
						TestTargetID = AF39BDEF21160F7C00771641;
					};
				};
			};
			buildConfigurationList = AF39BDEB21160F7C00771641 /* Build configuration list for PBXProject "TableViewAnimation" */;
			compatibilityVersion = "Xcode 8.0";
			developmentRegion = en;
			hasScannedForEncodings = 0;
			knownRegions = (
				en,
				Base,
			);
			mainGroup = AF39BDE721160F7C00771641;
			productRefGroup = AF39BDF121160F7C00771641 /* Products */;
			projectDirPath = "";
			projectRoot = "";
			targets = (
				AF39BDEF21160F7C00771641 /* TableViewAnimation */,
				AF39BE0321160F7D00771641 /* TableViewAnimationTests */,
				AF39BE0E21160F7D00771641 /* TableViewAnimationUITests */,
			);
		};
/* End PBXProject section */

/* Begin PBXResourcesBuildPhase section */
		AF39BDEE21160F7C00771641 /* Resources */ = {
			isa = PBXResourcesBuildPhase;
			buildActionMask = 2147483647;
			files = (
				AF39BDFE21160F7C00771641 /* LaunchScreen.storyboard in Resources */,
				AF39BDFB21160F7C00771641 /* Assets.xcassets in Resources */,
				AF39BDF921160F7C00771641 /* Main.storyboard in Resources */,
			);
			runOnlyForDeploymentPostprocessing = 0;
		};
		AF39BE0221160F7D00771641 /* Resources */ = {
			isa = PBXResourcesBuildPhase;
			buildActionMask = 2147483647;
			files = (
			);
			runOnlyForDeploymentPostprocessing = 0;
		};
		AF39BE0D21160F7D00771641 /* Resources */ = {
			isa = PBXResourcesBuildPhase;
			buildActionMask = 2147483647;
			files = (
			);
			runOnlyForDeploymentPostprocessing = 0;
		};
/* End PBXResourcesBuildPhase section */

/* Begin PBXSourcesBuildPhase section */
		AF39BDEC21160F7C00771641 /* Sources */ = {
			isa = PBXSourcesBuildPhase;
			buildActionMask = 2147483647;
			files = (
				AF71C5B2211D9775001B7B21 /* CustomTableViewCell.swift in Sources */,
				AF39BDF621160F7C00771641 /* ViewController.swift in Sources */,
				AF39BDF421160F7C00771641 /* AppDelegate.swift in Sources */,
			);
			runOnlyForDeploymentPostprocessing = 0;
		};
		AF39BE0021160F7D00771641 /* Sources */ = {
			isa = PBXSourcesBuildPhase;
			buildActionMask = 2147483647;
			files = (
				AF39BE0921160F7D00771641 /* TableViewAnimationTests.swift in Sources */,
			);
			runOnlyForDeploymentPostprocessing = 0;
		};
		AF39BE0B21160F7D00771641 /* Sources */ = {
			isa = PBXSourcesBuildPhase;
			buildActionMask = 2147483647;
			files = (
				AF39BE1421160F7D00771641 /* TableViewAnimationUITests.swift in Sources */,
			);
			runOnlyForDeploymentPostprocessing = 0;
		};
/* End PBXSourcesBuildPhase section */

/* Begin PBXTargetDependency section */
		AF39BE0621160F7D00771641 /* PBXTargetDependency */ = {
			isa = PBXTargetDependency;
			target = AF39BDEF21160F7C00771641 /* TableViewAnimation */;
			targetProxy = AF39BE0521160F7D00771641 /* PBXContainerItemProxy */;
		};
		AF39BE1121160F7D00771641 /* PBXTargetDependency */ = {
			isa = PBXTargetDependency;
			target = AF39BDEF21160F7C00771641 /* TableViewAnimation */;
			targetProxy = AF39BE1021160F7D00771641 /* PBXContainerItemProxy */;
		};
/* End PBXTargetDependency section */

/* Begin PBXVariantGroup section */
		AF39BDF721160F7C00771641 /* Main.storyboard */ = {
			isa = PBXVariantGroup;
			children = (
				AF39BDF821160F7C00771641 /* Base */,
			);
			name = Main.storyboard;
			sourceTree = "<group>";
		};
		AF39BDFC21160F7C00771641 /* LaunchScreen.storyboard */ = {
			isa = PBXVariantGroup;
			children = (
				AF39BDFD21160F7C00771641 /* Base */,
			);
			name = LaunchScreen.storyboard;
			sourceTree = "<group>";
		};
/* End PBXVariantGroup section */

/* Begin XCBuildConfiguration section */
		AF39BE1621160F7D00771641 /* Debug */ = {
			isa = XCBuildConfiguration;
			buildSettings = {
				ALWAYS_SEARCH_USER_PATHS = NO;
				CLANG_ANALYZER_NONNULL = YES;
				CLANG_ANALYZER_NUMBER_OBJECT_CONVERSION = YES_AGGRESSIVE;
				CLANG_CXX_LANGUAGE_STANDARD = "gnu++14";
				CLANG_CXX_LIBRARY = "libc++";
				CLANG_ENABLE_MODULES = YES;
				CLANG_ENABLE_OBJC_ARC = YES;
				CLANG_WARN_BLOCK_CAPTURE_AUTORELEASING = YES;
				CLANG_WARN_BOOL_CONVERSION = YES;
				CLANG_WARN_COMMA = YES;
				CLANG_WARN_CONSTANT_CONVERSION = YES;
				CLANG_WARN_DIRECT_OBJC_ISA_USAGE = YES_ERROR;
				CLANG_WARN_DOCUMENTATION_COMMENTS = YES;
				CLANG_WARN_EMPTY_BODY = YES;
				CLANG_WARN_ENUM_CONVERSION = YES;
				CLANG_WARN_INFINITE_RECURSION = YES;
				CLANG_WARN_INT_CONVERSION = YES;
				CLANG_WARN_NON_LITERAL_NULL_CONVERSION = YES;
				CLANG_WARN_OBJC_LITERAL_CONVERSION = YES;
				CLANG_WARN_OBJC_ROOT_CLASS = YES_ERROR;
				CLANG_WARN_RANGE_LOOP_ANALYSIS = YES;
				CLANG_WARN_STRICT_PROTOTYPES = YES;
				CLANG_WARN_SUSPICIOUS_MOVE = YES;
				CLANG_WARN_UNGUARDED_AVAILABILITY = YES_AGGRESSIVE;
				CLANG_WARN_UNREACHABLE_CODE = YES;
				CLANG_WARN__DUPLICATE_METHOD_MATCH = YES;
				CODE_SIGN_IDENTITY = "iPhone Developer";
				COPY_PHASE_STRIP = NO;
				DEBUG_INFORMATION_FORMAT = dwarf;
				ENABLE_STRICT_OBJC_MSGSEND = YES;
				ENABLE_TESTABILITY = YES;
				GCC_C_LANGUAGE_STANDARD = gnu11;
				GCC_DYNAMIC_NO_PIC = NO;
				GCC_NO_COMMON_BLOCKS = YES;
				GCC_OPTIMIZATION_LEVEL = 0;
				GCC_PREPROCESSOR_DEFINITIONS = (
					"DEBUG=1",
					"$(inherited)",
				);
				GCC_WARN_64_TO_32_BIT_CONVERSION = YES;
				GCC_WARN_ABOUT_RETURN_TYPE = YES_ERROR;
				GCC_WARN_UNDECLARED_SELECTOR = YES;
				GCC_WARN_UNINITIALIZED_AUTOS = YES_AGGRESSIVE;
				GCC_WARN_UNUSED_FUNCTION = YES;
				GCC_WARN_UNUSED_VARIABLE = YES;
				IPHONEOS_DEPLOYMENT_TARGET = 11.2;
				MTL_ENABLE_DEBUG_INFO = YES;
				ONLY_ACTIVE_ARCH = YES;
				SDKROOT = iphoneos;
				SWIFT_ACTIVE_COMPILATION_CONDITIONS = DEBUG;
				SWIFT_OPTIMIZATION_LEVEL = "-Onone";
			};
			name = Debug;
		};
		AF39BE1721160F7D00771641 /* Release */ = {
			isa = XCBuildConfiguration;
			buildSettings = {
				ALWAYS_SEARCH_USER_PATHS = NO;
				CLANG_ANALYZER_NONNULL = YES;
				CLANG_ANALYZER_NUMBER_OBJECT_CONVERSION = YES_AGGRESSIVE;
				CLANG_CXX_LANGUAGE_STANDARD = "gnu++14";
				CLANG_CXX_LIBRARY = "libc++";
				CLANG_ENABLE_MODULES = YES;
				CLANG_ENABLE_OBJC_ARC = YES;
				CLANG_WARN_BLOCK_CAPTURE_AUTORELEASING = YES;
				CLANG_WARN_BOOL_CONVERSION = YES;
				CLANG_WARN_COMMA = YES;
				CLANG_WARN_CONSTANT_CONVERSION = YES;
				CLANG_WARN_DIRECT_OBJC_ISA_USAGE = YES_ERROR;
				CLANG_WARN_DOCUMENTATION_COMMENTS = YES;
				CLANG_WARN_EMPTY_BODY = YES;
				CLANG_WARN_ENUM_CONVERSION = YES;
				CLANG_WARN_INFINITE_RECURSION = YES;
				CLANG_WARN_INT_CONVERSION = YES;
				CLANG_WARN_NON_LITERAL_NULL_CONVERSION = YES;
				CLANG_WARN_OBJC_LITERAL_CONVERSION = YES;
				CLANG_WARN_OBJC_ROOT_CLASS = YES_ERROR;
				CLANG_WARN_RANGE_LOOP_ANALYSIS = YES;
				CLANG_WARN_STRICT_PROTOTYPES = YES;
				CLANG_WARN_SUSPICIOUS_MOVE = YES;
				CLANG_WARN_UNGUARDED_AVAILABILITY = YES_AGGRESSIVE;
				CLANG_WARN_UNREACHABLE_CODE = YES;
				CLANG_WARN__DUPLICATE_METHOD_MATCH = YES;
				CODE_SIGN_IDENTITY = "iPhone Developer";
				COPY_PHASE_STRIP = NO;
				DEBUG_INFORMATION_FORMAT = "dwarf-with-dsym";
				ENABLE_NS_ASSERTIONS = NO;
				ENABLE_STRICT_OBJC_MSGSEND = YES;
				GCC_C_LANGUAGE_STANDARD = gnu11;
				GCC_NO_COMMON_BLOCKS = YES;
				GCC_WARN_64_TO_32_BIT_CONVERSION = YES;
				GCC_WARN_ABOUT_RETURN_TYPE = YES_ERROR;
				GCC_WARN_UNDECLARED_SELECTOR = YES;
				GCC_WARN_UNINITIALIZED_AUTOS = YES_AGGRESSIVE;
				GCC_WARN_UNUSED_FUNCTION = YES;
				GCC_WARN_UNUSED_VARIABLE = YES;
				IPHONEOS_DEPLOYMENT_TARGET = 11.2;
				MTL_ENABLE_DEBUG_INFO = NO;
				SDKROOT = iphoneos;
				SWIFT_OPTIMIZATION_LEVEL = "-Owholemodule";
				VALIDATE_PRODUCT = YES;
			};
			name = Release;
		};
		AF39BE1921160F7D00771641 /* Debug */ = {
			isa = XCBuildConfiguration;
			buildSettings = {
				ASSETCATALOG_COMPILER_APPICON_NAME = AppIcon;
				CODE_SIGN_STYLE = Automatic;
				INFOPLIST_FILE = TableViewAnimation/Info.plist;
				LD_RUNPATH_SEARCH_PATHS = "$(inherited) @executable_path/Frameworks";
				PRODUCT_BUNDLE_IDENTIFIER = com.renu.TableViewAnimation;
				PRODUCT_NAME = "$(TARGET_NAME)";
				SWIFT_VERSION = 4.0;
				TARGETED_DEVICE_FAMILY = "1,2";
			};
			name = Debug;
		};
		AF39BE1A21160F7D00771641 /* Release */ = {
			isa = XCBuildConfiguration;
			buildSettings = {
				ASSETCATALOG_COMPILER_APPICON_NAME = AppIcon;
				CODE_SIGN_STYLE = Automatic;
				INFOPLIST_FILE = TableViewAnimation/Info.plist;
				LD_RUNPATH_SEARCH_PATHS = "$(inherited) @executable_path/Frameworks";
				PRODUCT_BUNDLE_IDENTIFIER = com.renu.TableViewAnimation;
				PRODUCT_NAME = "$(TARGET_NAME)";
				SWIFT_VERSION = 4.0;
				TARGETED_DEVICE_FAMILY = "1,2";
			};
			name = Release;
		};
		AF39BE1C21160F7D00771641 /* Debug */ = {
			isa = XCBuildConfiguration;
			buildSettings = {
				ALWAYS_EMBED_SWIFT_STANDARD_LIBRARIES = YES;
				BUNDLE_LOADER = "$(TEST_HOST)";
				CODE_SIGN_STYLE = Automatic;
				INFOPLIST_FILE = TableViewAnimationTests/Info.plist;
				LD_RUNPATH_SEARCH_PATHS = "$(inherited) @executable_path/Frameworks @loader_path/Frameworks";
				PRODUCT_BUNDLE_IDENTIFIER = com.renu.TableViewAnimationTests;
				PRODUCT_NAME = "$(TARGET_NAME)";
				SWIFT_VERSION = 4.0;
				TARGETED_DEVICE_FAMILY = "1,2";
				TEST_HOST = "$(BUILT_PRODUCTS_DIR)/TableViewAnimation.app/TableViewAnimation";
			};
			name = Debug;
		};
		AF39BE1D21160F7D00771641 /* Release */ = {
			isa = XCBuildConfiguration;
			buildSettings = {
				ALWAYS_EMBED_SWIFT_STANDARD_LIBRARIES = YES;
				BUNDLE_LOADER = "$(TEST_HOST)";
				CODE_SIGN_STYLE = Automatic;
				INFOPLIST_FILE = TableViewAnimationTests/Info.plist;
				LD_RUNPATH_SEARCH_PATHS = "$(inherited) @executable_path/Frameworks @loader_path/Frameworks";
				PRODUCT_BUNDLE_IDENTIFIER = com.renu.TableViewAnimationTests;
				PRODUCT_NAME = "$(TARGET_NAME)";
				SWIFT_VERSION = 4.0;
				TARGETED_DEVICE_FAMILY = "1,2";
				TEST_HOST = "$(BUILT_PRODUCTS_DIR)/TableViewAnimation.app/TableViewAnimation";
			};
			name = Release;
		};
		AF39BE1F21160F7D00771641 /* Debug */ = {
			isa = XCBuildConfiguration;
			buildSettings = {
				ALWAYS_EMBED_SWIFT_STANDARD_LIBRARIES = YES;
				CODE_SIGN_STYLE = Automatic;
				INFOPLIST_FILE = TableViewAnimationUITests/Info.plist;
				LD_RUNPATH_SEARCH_PATHS = "$(inherited) @executable_path/Frameworks @loader_path/Frameworks";
				PRODUCT_BUNDLE_IDENTIFIER = com.renu.TableViewAnimationUITests;
				PRODUCT_NAME = "$(TARGET_NAME)";
				SWIFT_VERSION = 4.0;
				TARGETED_DEVICE_FAMILY = "1,2";
				TEST_TARGET_NAME = TableViewAnimation;
			};
			name = Debug;
		};
		AF39BE2021160F7D00771641 /* Release */ = {
			isa = XCBuildConfiguration;
			buildSettings = {
				ALWAYS_EMBED_SWIFT_STANDARD_LIBRARIES = YES;
				CODE_SIGN_STYLE = Automatic;
				INFOPLIST_FILE = TableViewAnimationUITests/Info.plist;
				LD_RUNPATH_SEARCH_PATHS = "$(inherited) @executable_path/Frameworks @loader_path/Frameworks";
				PRODUCT_BUNDLE_IDENTIFIER = com.renu.TableViewAnimationUITests;
				PRODUCT_NAME = "$(TARGET_NAME)";
				SWIFT_VERSION = 4.0;
				TARGETED_DEVICE_FAMILY = "1,2";
				TEST_TARGET_NAME = TableViewAnimation;
			};
			name = Release;
		};
/* End XCBuildConfiguration section */

/* Begin XCConfigurationList section */
		AF39BDEB21160F7C00771641 /* Build configuration list for PBXProject "TableViewAnimation" */ = {
			isa = XCConfigurationList;
			buildConfigurations = (
				AF39BE1621160F7D00771641 /* Debug */,
				AF39BE1721160F7D00771641 /* Release */,
			);
			defaultConfigurationIsVisible = 0;
			defaultConfigurationName = Release;
		};
		AF39BE1821160F7D00771641 /* Build configuration list for PBXNativeTarget "TableViewAnimation" */ = {
			isa = XCConfigurationList;
			buildConfigurations = (
				AF39BE1921160F7D00771641 /* Debug */,
				AF39BE1A21160F7D00771641 /* Release */,
			);
			defaultConfigurationIsVisible = 0;
			defaultConfigurationName = Release;
		};
		AF39BE1B21160F7D00771641 /* Build configuration list for PBXNativeTarget "TableViewAnimationTests" */ = {
			isa = XCConfigurationList;
			buildConfigurations = (
				AF39BE1C21160F7D00771641 /* Debug */,
				AF39BE1D21160F7D00771641 /* Release */,
			);
			defaultConfigurationIsVisible = 0;
			defaultConfigurationName = Release;
		};
		AF39BE1E21160F7D00771641 /* Build configuration list for PBXNativeTarget "TableViewAnimationUITests" */ = {
			isa = XCConfigurationList;
			buildConfigurations = (
				AF39BE1F21160F7D00771641 /* Debug */,
				AF39BE2021160F7D00771641 /* Release */,
			);
			defaultConfigurationIsVisible = 0;
			defaultConfigurationName = Release;
		};
/* End XCConfigurationList section */
	};
	rootObject = AF39BDE821160F7C00771641 /* Project object */;
}
